
Microsoft Visual Studio Solution File, Format Version 12.00
# Visual Studio 15
VisualStudioVersion = 15.0.33026.149
MinimumVisualStudioVersion = 10.0.40219.1
Project("{FAE04EC0-301F-11D3-BF4B-00C04F79EFBC}") = "Azure-Migrate-Export", "Azure-Migrate-Export.csproj", "{2A10D86E-4208-4D64-80EA-A25B84151216}"
EndProject
Global
	GlobalSection(SolutionConfigurationPlatforms) = preSolution
		Debug|Any CPU = Debug|Any CPU
		Release|Any CPU = Release|Any CPU
	EndGlobalSection
	GlobalSection(ProjectConfigurationPlatforms) = postSolution
		{2A10D86E-4208-4D64-80EA-A25B84151216}.Debug|Any CPU.ActiveCfg = Debug|Any CPU
		{2A10D86E-4208-4D64-80EA-A25B84151216}.Debug|Any CPU.Build.0 = Debug|Any CPU
		{2A10D86E-4208-4D64-80EA-A25B84151216}.Release|Any CPU.ActiveCfg = Release|Any CPU
		{2A10D86E-4208-4D64-80EA-A25B84151216}.Release|Any CPU.Build.0 = Release|Any CPU
	EndGlobalSection
	GlobalSection(SolutionProperties) = preSolution
		HideSolutionNode = FALSE
	EndGlobalSection
	GlobalSection(ExtensibilityGlobals) = postSolution
		SolutionGuid = {1587F5C4-A813-40FE-9D60-486466D621AB}
	EndGlobalSection
EndGlobal
